
Microsoft Visual Studio Solution File, Format Version 12.00
# Visual Studio Version 17
VisualStudioVersion = 17.2.32519.379
MinimumVisualStudioVersion = 10.0.40219.1
Project("{9A19103F-16F7-4668-BE54-9A1E7A4F7556}") = "WPFClient", "WPFClient\WPFClient.csproj", "{C3932A58-9CE2-477F-9099-04C4BD759820}"
EndProject
Project("{FAE04EC0-301F-11D3-BF4B-00C04F79EFBC}") = "API", "API\API.csproj", "{8BB90AEB-3F04-4103-9270-C88E1AAD1FF6}"
EndProject
Global
	GlobalSection(SolutionConfigurationPlatforms) = preSolution
		Debug|Any CPU = Debug|Any CPU
		Release|Any CPU = Release|Any CPU
	EndGlobalSection
	GlobalSection(ProjectConfigurationPlatforms) = postSolution
		{C3932A58-9CE2-477F-9099-04C4BD759820}.Debug|Any CPU.ActiveCfg = Debug|Any CPU
		{C3932A58-9CE2-477F-9099-04C4BD759820}.Debug|Any CPU.Build.0 = Debug|Any CPU
		{C3932A58-9CE2-477F-9099-04C4BD759820}.Release|Any CPU.ActiveCfg = Release|Any CPU
		{C3932A58-9CE2-477F-9099-04C4BD759820}.Release|Any CPU.Build.0 = Release|Any CPU
		{8BB90AEB-3F04-4103-9270-C88E1AAD1FF6}.Debug|Any CPU.ActiveCfg = Debug|Any CPU
		{8BB90AEB-3F04-4103-9270-C88E1AAD1FF6}.Debug|Any CPU.Build.0 = Debug|Any CPU
		{8BB90AEB-3F04-4103-9270-C88E1AAD1FF6}.Release|Any CPU.ActiveCfg = Release|Any CPU
		{8BB90AEB-3F04-4103-9270-C88E1AAD1FF6}.Release|Any CPU.Build.0 = Release|Any CPU
	EndGlobalSection
	GlobalSection(SolutionProperties) = preSolution
		HideSolutionNode = FALSE
	EndGlobalSection
	GlobalSection(ExtensibilityGlobals) = postSolution
		SolutionGuid = {C8B211D6-3C5A-4C09-9609-00D58D46AF01}
	EndGlobalSection
EndGlobal
